
Microsoft Visual Studio Solution File, Format Version 12.00
# Visual Studio Version 16
VisualStudioVersion = 16.0.28917.181
MinimumVisualStudioVersion = 10.0.40219.1
Project("{9A19103F-16F7-4668-BE54-9A1E7A4F7556}") = "PullRequestBot", "PullRequestBot\PullRequestBot.csproj", "{BBDF660C-C3C9-497D-BA85-2F080C3F0758}"
EndProject
Project("{9A19103F-16F7-4668-BE54-9A1E7A4F7556}") = "PullRequestLibrary", "PullRequestLibrary\PullRequestLibrary.csproj", "{BC9D3FF4-6AD3-45E0-AFAF-20FD2E171625}"
EndProject
Project("{9A19103F-16F7-4668-BE54-9A1E7A4F7556}") = "APISpike", "APISpike\APISpike.csproj", "{FAF1B14F-DF3A-483F-8B91-6C0F9BCA868D}"
EndProject
Project("{9A19103F-16F7-4668-BE54-9A1E7A4F7556}") = "PullRequestLibrary.Test", "PullRequestLibrary.Test\PullRequestLibrary.Test.csproj", "{0910D5F4-9A73-46AE-8C28-7ECE3250FAD0}"
EndProject
Project("{9A19103F-16F7-4668-BE54-9A1E7A4F7556}") = "PullRequestBot.Test", "PullRequestBot.Test\PullRequestBot.Test.csproj", "{30EAE213-DBCD-428B-BE78-43FBF4EADA5A}"
EndProject
Global
	GlobalSection(SolutionConfigurationPlatforms) = preSolution
		Debug|Any CPU = Debug|Any CPU
		Release|Any CPU = Release|Any CPU
	EndGlobalSection
	GlobalSection(ProjectConfigurationPlatforms) = postSolution
		{BBDF660C-C3C9-497D-BA85-2F080C3F0758}.Debug|Any CPU.ActiveCfg = Debug|Any CPU
		{BBDF660C-C3C9-497D-BA85-2F080C3F0758}.Debug|Any CPU.Build.0 = Debug|Any CPU
		{BBDF660C-C3C9-497D-BA85-2F080C3F0758}.Release|Any CPU.ActiveCfg = Release|Any CPU
		{BBDF660C-C3C9-497D-BA85-2F080C3F0758}.Release|Any CPU.Build.0 = Release|Any CPU
		{BC9D3FF4-6AD3-45E0-AFAF-20FD2E171625}.Debug|Any CPU.ActiveCfg = Debug|Any CPU
		{BC9D3FF4-6AD3-45E0-AFAF-20FD2E171625}.Debug|Any CPU.Build.0 = Debug|Any CPU
		{BC9D3FF4-6AD3-45E0-AFAF-20FD2E171625}.Release|Any CPU.ActiveCfg = Release|Any CPU
		{BC9D3FF4-6AD3-45E0-AFAF-20FD2E171625}.Release|Any CPU.Build.0 = Release|Any CPU
		{FAF1B14F-DF3A-483F-8B91-6C0F9BCA868D}.Debug|Any CPU.ActiveCfg = Debug|Any CPU
		{FAF1B14F-DF3A-483F-8B91-6C0F9BCA868D}.Debug|Any CPU.Build.0 = Debug|Any CPU
		{FAF1B14F-DF3A-483F-8B91-6C0F9BCA868D}.Release|Any CPU.ActiveCfg = Release|Any CPU
		{FAF1B14F-DF3A-483F-8B91-6C0F9BCA868D}.Release|Any CPU.Build.0 = Release|Any CPU
		{0910D5F4-9A73-46AE-8C28-7ECE3250FAD0}.Debug|Any CPU.ActiveCfg = Debug|Any CPU
		{0910D5F4-9A73-46AE-8C28-7ECE3250FAD0}.Debug|Any CPU.Build.0 = Debug|Any CPU
		{0910D5F4-9A73-46AE-8C28-7ECE3250FAD0}.Release|Any CPU.ActiveCfg = Release|Any CPU
		{0910D5F4-9A73-46AE-8C28-7ECE3250FAD0}.Release|Any CPU.Build.0 = Release|Any CPU
		{30EAE213-DBCD-428B-BE78-43FBF4EADA5A}.Debug|Any CPU.ActiveCfg = Debug|Any CPU
		{30EAE213-DBCD-428B-BE78-43FBF4EADA5A}.Debug|Any CPU.Build.0 = Debug|Any CPU
		{30EAE213-DBCD-428B-BE78-43FBF4EADA5A}.Release|Any CPU.ActiveCfg = Release|Any CPU
		{30EAE213-DBCD-428B-BE78-43FBF4EADA5A}.Release|Any CPU.Build.0 = Release|Any CPU
	EndGlobalSection
	GlobalSection(SolutionProperties) = preSolution
		HideSolutionNode = FALSE
	EndGlobalSection
	GlobalSection(ExtensibilityGlobals) = postSolution
		SolutionGuid = {33A2425B-6BC7-45BB-9523-8DF4268DADB7}
	EndGlobalSection
EndGlobal
